
Microsoft Visual Studio Solution File, Format Version 12.00
# Visual Studio Version 17
VisualStudioVersion = 17.10.35122.118
MinimumVisualStudioVersion = 10.0.40219.1
Project("{FAE04EC0-301F-11D3-BF4B-00C04F79EFBC}") = "CountDownGame", "CountDownGame.csproj", "{FFC5269F-4BD3-45B3-AD3B-D13D8DD3598E}"
EndProject
Global
	GlobalSection(SolutionConfigurationPlatforms) = preSolution
		Debug|Any CPU = Debug|Any CPU
		Release|Any CPU = Release|Any CPU
	EndGlobalSection
	GlobalSection(ProjectConfigurationPlatforms) = postSolution
		{FFC5269F-4BD3-45B3-AD3B-D13D8DD3598E}.Debug|Any CPU.ActiveCfg = Debug|Any CPU
		{FFC5269F-4BD3-45B3-AD3B-D13D8DD3598E}.Debug|Any CPU.Build.0 = Debug|Any CPU
		{FFC5269F-4BD3-45B3-AD3B-D13D8DD3598E}.Debug|Any CPU.Deploy.0 = Debug|Any CPU
		{FFC5269F-4BD3-45B3-AD3B-D13D8DD3598E}.Release|Any CPU.ActiveCfg = Release|Any CPU
		{FFC5269F-4BD3-45B3-AD3B-D13D8DD3598E}.Release|Any CPU.Build.0 = Release|Any CPU
		{FFC5269F-4BD3-45B3-AD3B-D13D8DD3598E}.Release|Any CPU.Deploy.0 = Release|Any CPU
	EndGlobalSection
	GlobalSection(SolutionProperties) = preSolution
		HideSolutionNode = FALSE
	EndGlobalSection
	GlobalSection(ExtensibilityGlobals) = postSolution
		SolutionGuid = {7A4A3A25-FE97-498C-8EBA-E8529F9DDB0F}
	EndGlobalSection
EndGlobal
